# THIS IS AN AUTOGENERATED FILE. DO NOT EDIT THIS FILE DIRECTLY.
# yarn lockfile v1


"@babel/runtime@^7.3.1", "@babel/runtime@^7.4.4", "@babel/runtime@^7.5.5", "@babel/runtime@^7.6.2", "@babel/runtime@^7.6.3":
  version "7.8.3"
  resolved "https://registry.yarnpkg.com/@babel/runtime/-/runtime-7.8.3.tgz#0811944f73a6c926bb2ad35e918dcc1bfab279f1"
  integrity sha512-fVHx1rzEmwB130VTkLnxR+HmxcTjGzH12LYQcFFoBwakMd3aOMD4OsRN7tGG/UOYE2ektgFrS8uACAoRk1CY0w==
  dependencies:
    regenerator-runtime "^0.13.2"

"@emotion/hash@^0.7.4":
  version "0.7.4"
  resolved "https://registry.yarnpkg.com/@emotion/hash/-/hash-0.7.4.tgz#f14932887422c9056b15a8d222a9074a7dfa2831"
  integrity sha512-fxfMSBMX3tlIbKUdtGKxqB1fyrH6gVrX39Gsv3y8lRYKUqlgDt3UMqQyGnR1bQMa2B8aGnhLZokZgg8vT0Le+A==

"@material-ui/core@^4.9.0":
  version "4.9.0"
  resolved "https://registry.yarnpkg.com/@material-ui/core/-/core-4.9.0.tgz#96ca3281ee06216d44fd4d0e306dbe0429eb2ebe"
  integrity sha512-zrrr8mPU5DDBYaVil4uJYauW41PjSn5otn7cqGsmWOY0t90fypr9nNgM7rRJaPz2AP6oRSDx1kBQt2igf5uelg==
  dependencies:
    "@babel/runtime" "^7.4.4"
    "@material-ui/styles" "^4.9.0"
    "@material-ui/system" "^4.7.1"
    "@material-ui/types" "^5.0.0"
    "@material-ui/utils" "^4.7.1"
    "@types/react-transition-group" "^4.2.0"
    clsx "^1.0.2"
    convert-css-length "^2.0.1"
    hoist-non-react-statics "^3.2.1"
    normalize-scroll-left "^0.2.0"
    popper.js "^1.14.1"
    prop-types "^15.7.2"
    react-is "^16.8.0"
    react-transition-group "^4.3.0"

"@material-ui/styles@^4.9.0":
  version "4.9.0"
  resolved "https://registry.yarnpkg.com/@material-ui/styles/-/styles-4.9.0.tgz#10c31859f6868cfa9d3adf6b6c3e32c9d676bc76"
  integrity sha512-nJHum4RqYBPWsjL/9JET8Z02FZ9gSizlg/7LWVFpIthNzpK6OQ5OSRR4T4x9/p+wK3t1qNn3b1uI4XpnZaPxOA==
  dependencies:
    "@babel/runtime" "^7.4.4"
    "@emotion/hash" "^0.7.4"
    "@material-ui/types" "^5.0.0"
    "@material-ui/utils" "^4.7.1"
    clsx "^1.0.2"
    csstype "^2.5.2"
    hoist-non-react-statics "^3.2.1"
    jss "^10.0.3"
    jss-plugin-camel-case "^10.0.3"
    jss-plugin-default-unit "^10.0.3"
    jss-plugin-global "^10.0.3"
    jss-plugin-nested "^10.0.3"
    jss-plugin-props-sort "^10.0.3"
    jss-plugin-rule-value-function "^10.0.3"
    jss-plugin-vendor-prefixer "^10.0.3"
    prop-types "^15.7.2"

"@material-ui/system@^4.7.1":
  version "4.7.1"
  resolved "https://registry.yarnpkg.com/@material-ui/system/-/system-4.7.1.tgz#d928dacc0eeae6bea569ff3ee079f409efb3517d"
  integrity sha512-zH02p+FOimXLSKOW/OT2laYkl9bB3dD1AvnZqsHYoseUaq0aVrpbl2BGjQi+vJ5lg8w73uYlt9zOWzb3+1UdMQ==
  dependencies:
    "@babel/runtime" "^7.4.4"
    "@material-ui/utils" "^4.7.1"
    prop-types "^15.7.2"

"@material-ui/types@^5.0.0":
  version "5.0.0"
  resolved "https://registry.yarnpkg.com/@material-ui/types/-/types-5.0.0.tgz#26d6259dc6b39f4c2e1e9aceff7a11e031941741"
  integrity sha512-UeH2BuKkwDndtMSS0qgx1kCzSMw+ydtj0xx/XbFtxNSTlXydKwzs5gVW5ZKsFlAkwoOOQ9TIsyoCC8hq18tOwg==

"@material-ui/utils@^4.7.1":
  version "4.7.1"
  resolved "https://registry.yarnpkg.com/@material-ui/utils/-/utils-4.7.1.tgz#dc16c7f0d2cd02fbcdd5cfe601fd6863ae3cc652"
  integrity sha512-+ux0SlLdlehvzCk2zdQ3KiS3/ylWvuo/JwAGhvb8dFVvwR21K28z0PU9OQW2PGogrMEdvX3miEI5tGxTwwWiwQ==
  dependencies:
    "@babel/runtime" "^7.4.4"
    prop-types "^15.7.2"
    react-is "^16.8.0"

"@types/prop-types@*":
  version "15.7.3"
  resolved "https://registry.yarnpkg.com/@types/prop-types/-/prop-types-15.7.3.tgz#2ab0d5da2e5815f94b0b9d4b95d1e5f243ab2ca7"
  integrity sha512-KfRL3PuHmqQLOG+2tGpRO26Ctg+Cq1E01D2DMriKEATHgWLfeNDmq9e29Q9WIky0dQ3NPkd1mzYH8Lm936Z9qw==

"@types/react-transition-group@^4.2.0":
  version "4.2.3"
  resolved "https://registry.yarnpkg.com/@types/react-transition-group/-/react-transition-group-4.2.3.tgz#4924133f7268694058e415bf7aea2d4c21131470"
  integrity sha512-Hk8jiuT7iLOHrcjKP/ZVSyCNXK73wJAUz60xm0mVhiRujrdiI++j4duLiL282VGxwAgxetHQFfqA29LgEeSkFA==
  dependencies:
    "@types/react" "*"

"@types/react@*":
  version "16.9.19"
  resolved "https://registry.yarnpkg.com/@types/react/-/react-16.9.19.tgz#c842aa83ea490007d29938146ff2e4d9e4360c40"
  integrity sha512-LJV97//H+zqKWMms0kvxaKYJDG05U2TtQB3chRLF8MPNs+MQh/H1aGlyDUxjaHvu08EAGerdX2z4LTBc7ns77A==
  dependencies:
    "@types/prop-types" "*"
    csstype "^2.2.0"

axios@^0.19.2:
  version "0.19.2"
  resolved "https://registry.yarnpkg.com/axios/-/axios-0.19.2.tgz#3ea36c5d8818d0d5f8a8a97a6d36b86cdc00cb27"
  integrity sha512-fjgm5MvRHLhx+osE2xoekY70AhARk3a6hkN+3Io1jc00jtquGvxYlKlsFUhmUET0V5te6CcZI7lcv2Ym61mjHA==
  dependencies:
    follow-redirects "1.5.10"

babel-runtime@^6.26.0:
  version "6.26.0"
  resolved "https://registry.yarnpkg.com/babel-runtime/-/babel-runtime-6.26.0.tgz#965c7058668e82b55d7bfe04ff2337bc8b5647fe"
  integrity sha1-llxwWGaOgrVde/4E/yM3vItWR/4=
  dependencies:
    core-js "^2.4.0"
    regenerator-runtime "^0.11.0"

clsx@^1.0.2:
  version "1.0.4"
  resolved "https://registry.yarnpkg.com/clsx/-/clsx-1.0.4.tgz#0c0171f6d5cb2fe83848463c15fcc26b4df8c2ec"
  integrity sha512-1mQ557MIZTrL/140j+JVdRM6e31/OA4vTYxXgqIIZlndyfjHpyawKZia1Im05Vp9BWmImkcNrNtFYQMyFcgJDg==

convert-css-length@^2.0.1:
  version "2.0.1"
  resolved "https://registry.yarnpkg.com/convert-css-length/-/convert-css-length-2.0.1.tgz#90a76bde5bfd24d72881a5b45d02249b2c1d257c"
  integrity sha512-iGpbcvhLPRKUbBc0Quxx7w/bV14AC3ItuBEGMahA5WTYqB8lq9jH0kTXFheCBASsYnqeMFZhiTruNxr1N59Axg==

core-js@^2.4.0:
  version "2.6.11"
  resolved "https://registry.yarnpkg.com/core-js/-/core-js-2.6.11.tgz#38831469f9922bded8ee21c9dc46985e0399308c"
  integrity sha512-5wjnpaT/3dV+XB4borEsnAYQchn00XSgTAWKDkEqv+K8KevjbzmofK6hfJ9TZIlpj2N0xQpazy7PiRQiWHqzWg==

css-vendor@^2.0.7:
  version "2.0.7"
  resolved "https://registry.yarnpkg.com/css-vendor/-/css-vendor-2.0.7.tgz#4e6d53d953c187981576d6a542acc9fb57174bda"
  integrity sha512-VS9Rjt79+p7M0WkPqcAza4Yq1ZHrsHrwf7hPL/bjQB+c1lwmAI+1FXxYTYt818D/50fFVflw0XKleiBN5RITkg==
  dependencies:
    "@babel/runtime" "^7.6.2"
    is-in-browser "^1.0.2"

csstype@^2.2.0, csstype@^2.5.2, csstype@^2.6.5, csstype@^2.6.7:
  version "2.6.8"
  resolved "https://registry.yarnpkg.com/csstype/-/csstype-2.6.8.tgz#0fb6fc2417ffd2816a418c9336da74d7f07db431"
  integrity sha512-msVS9qTuMT5zwAGCVm4mxfrZ18BNc6Csd0oJAtiFMZ1FAx1CCvy2+5MDmYoix63LM/6NDbNtodCiGYGmFgO0dA==

debug@=3.1.0:
  version "3.1.0"
  resolved "https://registry.yarnpkg.com/debug/-/debug-3.1.0.tgz#5bb5a0672628b64149566ba16819e61518c67261"
  integrity sha512-OX8XqP7/1a9cqkxYw2yXss15f26NKWBpDXQd0/uK/KPqdQhxbPa994hnzjcE2VqQpDslf55723cKPUOGSmMY3g==
  dependencies:
    ms "2.0.0"

deep-diff@^0.3.5:
  version "0.3.8"
  resolved "https://registry.yarnpkg.com/deep-diff/-/deep-diff-0.3.8.tgz#c01de63efb0eec9798801d40c7e0dae25b582c84"
  integrity sha1-wB3mPvsO7JeYgB1Ax+Da4ltYLIQ=

dom-helpers@^5.0.1:
  version "5.1.3"
  resolved "https://registry.yarnpkg.com/dom-helpers/-/dom-helpers-5.1.3.tgz#7233248eb3a2d1f74aafca31e52c5299cc8ce821"
  integrity sha512-nZD1OtwfWGRBWlpANxacBEZrEuLa16o1nh7YopFWeoF68Zt8GGEmzHu6Xv4F3XaFIC+YXtTLrzgqKxFgLEe4jw==
  dependencies:
    "@babel/runtime" "^7.6.3"
    csstype "^2.6.7"

follow-redirects@1.5.10:
  version "1.5.10"
  resolved "https://registry.yarnpkg.com/follow-redirects/-/follow-redirects-1.5.10.tgz#7b7a9f9aea2fdff36786a94ff643ed07f4ff5e2a"
  integrity sha512-0V5l4Cizzvqt5D44aTXbFZz+FtyXV1vrDN6qrelxtfYQKW0KO0W2T/hkE8xvGa/540LkZlkaUjO4ailYTFtHVQ==
  dependencies:
    debug "=3.1.0"

hoist-non-react-statics@^3.2.1, hoist-non-react-statics@^3.3.0:
  version "3.3.2"
  resolved "https://registry.yarnpkg.com/hoist-non-react-statics/-/hoist-non-react-statics-3.3.2.tgz#ece0acaf71d62c2969c2ec59feff42a4b1a85b45"
  integrity sha512-/gGivxi8JPKWNm/W0jSmzcMPpfpPLc3dY/6GxhX2hQ9iGj3aDfklV4ET7NjKpSinLpJ5vafa9iiGIEZg10SfBw==
  dependencies:
    react-is "^16.7.0"

hyphenate-style-name@^1.0.3:
  version "1.0.3"
  resolved "https://registry.yarnpkg.com/hyphenate-style-name/-/hyphenate-style-name-1.0.3.tgz#097bb7fa0b8f1a9cf0bd5c734cf95899981a9b48"
  integrity sha512-EcuixamT82oplpoJ2XU4pDtKGWQ7b00CD9f1ug9IaQ3p1bkHMiKCZ9ut9QDI6qsa6cpUuB+A/I+zLtdNK4n2DQ==

invariant@^2.2.4:
  version "2.2.4"
  resolved "https://registry.yarnpkg.com/invariant/-/invariant-2.2.4.tgz#610f3c92c9359ce1db616e538008d23ff35158e6"
  integrity sha512-phJfQVBuaJM5raOpJjSfkiD6BpbCE4Ns//LaXl6wGYtUBY83nWS6Rf9tXm2e8VaK60JEjYldbPif/A2B1C2gNA==
  dependencies:
    loose-envify "^1.0.0"

is-in-browser@^1.0.2, is-in-browser@^1.1.3:
  version "1.1.3"
  resolved "https://registry.yarnpkg.com/is-in-browser/-/is-in-browser-1.1.3.tgz#56ff4db683a078c6082eb95dad7dc62e1d04f835"
  integrity sha1-Vv9NtoOgeMYILrldrX3GLh0E+DU=

"js-tokens@^3.0.0 || ^4.0.0":
  version "4.0.0"
  resolved "https://registry.yarnpkg.com/js-tokens/-/js-tokens-4.0.0.tgz#19203fb59991df98e3a287050d4647cdeaf32499"
  integrity sha512-RdJUflcE3cUzKiMqQgsCu06FPu9UdIJO0beYbPhHN4k6apgJtifcoCtT9bcxOpYBtpD2kCM6Sbzg4CausW/PKQ==

jss-plugin-camel-case@^10.0.3:
  version "10.0.3"
  resolved "https://registry.yarnpkg.com/jss-plugin-camel-case/-/jss-plugin-camel-case-10.0.3.tgz#ce25f3cdb7f2b80724558361351fe6b644ca9e4f"
  integrity sha512-rild/oFKFkmRP7AoiX9D6bdDAUfmJv8c7sEBvFoi+JP31dn2W8nw4txMKGnV1LJKlFkYprdZt1X99Uvztl1hug==
  dependencies:
    "@babel/runtime" "^7.3.1"
    hyphenate-style-name "^1.0.3"
    jss "^10.0.3"

jss-plugin-default-unit@^10.0.3:
  version "10.0.3"
  resolved "https://registry.yarnpkg.com/jss-plugin-default-unit/-/jss-plugin-default-unit-10.0.3.tgz#c4b97b7b18c6cf9e9809e05b8525045decc298d3"
  integrity sha512-n+XfVLPF9Qh7IOTdQ8M4oRpjpg6egjr/r0NNytubbCafMgCILJYIVrMTGgOTydH+uvak8onQY3f/F9hasPUx6g==
  dependencies:
    "@babel/runtime" "^7.3.1"
    jss "^10.0.3"

jss-plugin-global@^10.0.3:
  version "10.0.3"
  resolved "https://registry.yarnpkg.com/jss-plugin-global/-/jss-plugin-global-10.0.3.tgz#82bc95aa7f2c7171adc3ea47ec7717aca76a2389"
  integrity sha512-kNotkAciJIXpIGYnmueaIifBne9rdq31O8Xq1nF7KMfKlskNRANTcEX5rVnsGKl2yubTMYfjKBFCeDgcQn6+gA==
  dependencies:
    "@babel/runtime" "^7.3.1"
    jss "^10.0.3"

jss-plugin-nested@^10.0.3:
  version "10.0.3"
  resolved "https://registry.yarnpkg.com/jss-plugin-nested/-/jss-plugin-nested-10.0.3.tgz#1ff39383154a710008788dbc9f73e6dec77b2852"
  integrity sha512-OMucRs9YLvWlZ3Ew+VhdgNVMwSS2zZy/2vy+s/etvopnPUzDHgCnJwdY2Wx/SlhLGERJeKKufyih2seH+ui0iw==
  dependencies:
    "@babel/runtime" "^7.3.1"
    jss "^10.0.3"
    tiny-warning "^1.0.2"

jss-plugin-props-sort@^10.0.3:
  version "10.0.3"
  resolved "https://registry.yarnpkg.com/jss-plugin-props-sort/-/jss-plugin-props-sort-10.0.3.tgz#8bc9f2a670fbd603f110486d28c526eb9efcbdc4"
  integrity sha512-ufhvdCMnRcDa0tNHoZ12OcVNQQyE10yLMohxo/UIMarLV245rM6n9D19A12epjldRgyiS13SoSyLFCJEobprYg==
  dependencies:
    "@babel/runtime" "^7.3.1"
    jss "^10.0.3"

jss-plugin-rule-value-function@^10.0.3:
  version "10.0.3"
  resolved "https://registry.yarnpkg.com/jss-plugin-rule-value-function/-/jss-plugin-rule-value-function-10.0.3.tgz#1103240cf686bde5baee16cd7b15b0daf79d1103"
  integrity sha512-RWwIT2UBAIwf3f6DQtt5gyjxHMRJoeO9TQku+ueR8dBMakqSSe8vFwQNfjXEoe0W+Tez5HZCTkZKNMulv3Z+9A==
  dependencies:
    "@babel/runtime" "^7.3.1"
    jss "^10.0.3"

jss-plugin-vendor-prefixer@^10.0.3:
  version "10.0.3"
  resolved "https://registry.yarnpkg.com/jss-plugin-vendor-prefixer/-/jss-plugin-vendor-prefixer-10.0.3.tgz#cfdf2ac1263e190ee9a0d874cdcc6092df452012"
  integrity sha512-zVs6e5z4tFRK/fJ5kuTLzXlTFQbLeFTVwk7lTZiYNufmZwKT0kSmnOJDUukcSe7JLGSRztjWhnHB/6voP174gw==
  dependencies:
    "@babel/runtime" "^7.3.1"
    css-vendor "^2.0.7"
    jss "^10.0.3"

jss@^10.0.3:
  version "10.0.3"
  resolved "https://registry.yarnpkg.com/jss/-/jss-10.0.3.tgz#5c160f96aa8ce8b9f851ee0b33505dcd37f490a4"
  integrity sha512-AcDvFdOk16If9qvC9KN3oFXsrkHWM9+TaPMpVB9orm3z+nq1Xw3ofHyflRe/mkSucRZnaQtlhZs1hdP3DR9uRw==
  dependencies:
    "@babel/runtime" "^7.3.1"
    csstype "^2.6.5"
    is-in-browser "^1.1.3"
    tiny-warning "^1.0.2"

loose-envify@^1.0.0, loose-envify@^1.4.0:
  version "1.4.0"
  resolved "https://registry.yarnpkg.com/loose-envify/-/loose-envify-1.4.0.tgz#71ee51fa7be4caec1a63839f7e682d8132d30caf"
  integrity sha512-lyuxPGr/Wfhrlem2CL/UcnUc1zcqKAImBDzukY7Y5F/yQiNdko6+fRLevlw1HgMySw7f611UIY408EtxRSoK3Q==
  dependencies:
    js-tokens "^3.0.0 || ^4.0.0"

ms@2.0.0:
  version "2.0.0"
  resolved "https://registry.yarnpkg.com/ms/-/ms-2.0.0.tgz#5608aeadfc00be6c2901df5f9861788de0d597c8"
  integrity sha1-VgiurfwAvmwpAd9fmGF4jeDVl8g=

normalize-scroll-left@^0.2.0:
  version "0.2.0"
  resolved "https://registry.yarnpkg.com/normalize-scroll-left/-/normalize-scroll-left-0.2.0.tgz#9445d74275f303cc661e113329aefa492f58114c"
  integrity sha512-t5oCENZJl8TGusJKoCJm7+asaSsPuNmK6+iEjrZ5TyBj2f02brCRsd4c83hwtu+e5d4LCSBZ0uoDlMjBo+A8yA==

object-assign@^4.1.1:
  version "4.1.1"
  resolved "https://registry.yarnpkg.com/object-assign/-/object-assign-4.1.1.tgz#2109adc7965887cfc05cbbd442cac8bfbb360863"
  integrity sha1-IQmtx5ZYh8/AXLvUQsrIv7s2CGM=

popper.js@^1.14.1:
  version "1.16.1"
  resolved "https://registry.yarnpkg.com/popper.js/-/popper.js-1.16.1.tgz#2a223cb3dc7b6213d740e40372be40de43e65b1b"
  integrity sha512-Wb4p1J4zyFTbM+u6WuO4XstYx4Ky9Cewe4DWrel7B0w6VVICvPwdOpotjzcf6eD8TsckVnIMNONQyPIUFOUbCQ==

prop-types@^15.6.2, prop-types@^15.7.2:
  version "15.7.2"
  resolved "https://registry.yarnpkg.com/prop-types/-/prop-types-15.7.2.tgz#52c41e75b8c87e72b9d9360e0206b99dcbffa6c5"
  integrity sha512-8QQikdH7//R2vurIJSutZ1smHYTcLpRWEOlHnzcWHmBYrOGUysKwSsrC89BCiFj3CbrfJ/nXFdJepOVrY1GCHQ==
  dependencies:
    loose-envify "^1.4.0"
    object-assign "^4.1.1"
    react-is "^16.8.1"

react-is@^16.7.0, react-is@^16.8.0, react-is@^16.8.1, react-is@^16.9.0:
  version "16.12.0"
  resolved "https://registry.yarnpkg.com/react-is/-/react-is-16.12.0.tgz#2cc0fe0fba742d97fd527c42a13bec4eeb06241c"
  integrity sha512-rPCkf/mWBtKc97aLL9/txD8DZdemK0vkA3JMLShjlJB3Pj3s+lpf1KaBzMfQrAmhMQB0n1cU/SUGgKKBCe837Q==

react-loader-spinner@^3.1.5:
  version "3.1.5"
  resolved "https://registry.yarnpkg.com/react-loader-spinner/-/react-loader-spinner-3.1.5.tgz#e9a40c6032fddf0eba319e525cc613c5d698e4f9"
  integrity sha512-617hOJtzFqQDs9OT/zLzdyvlCcb6m07xz/tOoZcVAeb/yiwstrz3nulzpKkwYL3c/3+l5IZJNGl1Bm5fLy6uYg==
  dependencies:
    babel-runtime "^6.26.0"
    prop-types "^15.6.2"

react-redux@^7.1.3:
  version "7.1.3"
  resolved "https://registry.yarnpkg.com/react-redux/-/react-redux-7.1.3.tgz#717a3d7bbe3a1b2d535c94885ce04cdc5a33fc79"
  integrity sha512-uI1wca+ECG9RoVkWQFF4jDMqmaw0/qnvaSvOoL/GA4dNxf6LoV8sUAcNDvE5NWKs4hFpn0t6wswNQnY3f7HT3w==
  dependencies:
    "@babel/runtime" "^7.5.5"
    hoist-non-react-statics "^3.3.0"
    invariant "^2.2.4"
    loose-envify "^1.4.0"
    prop-types "^15.7.2"
    react-is "^16.9.0"

react-transition-group@^4.3.0:
  version "4.3.0"
  resolved "https://registry.yarnpkg.com/react-transition-group/-/react-transition-group-4.3.0.tgz#fea832e386cf8796c58b61874a3319704f5ce683"
  integrity sha512-1qRV1ZuVSdxPlPf4O8t7inxUGpdyO5zG9IoNfJxSO0ImU2A1YWkEQvFPuIPZmMLkg5hYs7vv5mMOyfgSkvAwvw==
  dependencies:
    "@babel/runtime" "^7.5.5"
    dom-helpers "^5.0.1"
    loose-envify "^1.4.0"
    prop-types "^15.6.2"

redux-logger@^3.0.6:
  version "3.0.6"
  resolved "https://registry.yarnpkg.com/redux-logger/-/redux-logger-3.0.6.tgz#f7555966f3098f3c88604c449cf0baf5778274bf"
  integrity sha1-91VZZvMJjzyIYExEnPC69XeCdL8=
  dependencies:
    deep-diff "^0.3.5"

redux-thunk@^2.3.0:
  version "2.3.0"
  resolved "https://registry.yarnpkg.com/redux-thunk/-/redux-thunk-2.3.0.tgz#51c2c19a185ed5187aaa9a2d08b666d0d6467622"
  integrity sha512-km6dclyFnmcvxhAcrQV2AkZmPQjzPDjgVlQtR0EQjxZPyJ0BnMf3in1ryuR8A2qU0HldVRfxYXbFSKlI3N7Slw==

redux@^4.0.5:
  version "4.0.5"
  resolved "https://registry.yarnpkg.com/redux/-/redux-4.0.5.tgz#4db5de5816e17891de8a80c424232d06f051d93f"
  integrity sha512-VSz1uMAH24DM6MF72vcojpYPtrTUu3ByVWfPL1nPfVRb5mZVTve5GnNCUV53QM/BZ66xfWrm0CTWoM+Xlz8V1w==
  dependencies:
    loose-envify "^1.4.0"
    symbol-observable "^1.2.0"

regenerator-runtime@^0.11.0:
  version "0.11.1"
  resolved "https://registry.yarnpkg.com/regenerator-runtime/-/regenerator-runtime-0.11.1.tgz#be05ad7f9bf7d22e056f9726cee5017fbf19e2e9"
  integrity sha512-MguG95oij0fC3QV3URf4V2SDYGJhJnJGqvIIgdECeODCT98wSWDAJ94SSuVpYQUoTcGUIL6L4yNB7j1DFFHSBg==

regenerator-runtime@^0.13.2:
  version "0.13.3"
  resolved "https://registry.yarnpkg.com/regenerator-runtime/-/regenerator-runtime-0.13.3.tgz#7cf6a77d8f5c6f60eb73c5fc1955b2ceb01e6bf5"
  integrity sha512-naKIZz2GQ8JWh///G7L3X6LaQUAMp2lvb1rvwwsURe/VXwD6VMfr+/1NuNw3ag8v2kY1aQ/go5SNn79O9JU7yw==

symbol-observable@^1.2.0:
  version "1.2.0"
  resolved "https://registry.yarnpkg.com/symbol-observable/-/symbol-observable-1.2.0.tgz#c22688aed4eab3cdc2dfeacbb561660560a00804"
  integrity sha512-e900nM8RRtGhlV36KGEU9k65K3mPb1WV70OdjfxlG2EAuM1noi/E/BaW/uMhL7bPEssK8QV57vN3esixjUvcXQ==

tiny-warning@^1.0.2:
  version "1.0.3"
  resolved "https://registry.yarnpkg.com/tiny-warning/-/tiny-warning-1.0.3.tgz#94a30db453df4c643d0fd566060d60a875d84754"
  integrity sha512-lBN9zLN/oAf68o3zNXYrdCt1kP8WsiGW8Oo2ka41b2IM5JL/S1CTyX1rW0mb/zSuJun0ZUrDxx4sqvYS2FWzPA==
